flag - 6bafdddbfd6866b8482608e7708d139d309f40eb
go/build - 6bafdddbfd6866b8482608e7708d139d309f40eb
io/ioutil - 6bafdddbfd6866b8482608e7708d139d309f40eb
os - 6bafdddbfd6866b8482608e7708d139d309f40eb
os/exec - 6bafdddbfd6866b8482608e7708d139d309f40eb
strings - 6bafdddbfd6866b8482608e7708d139d309f40eb
